{
  "name": "chat-application",
  "lockfileVersion": 3,
  "requires": true,
  "packages": {
    "": {
      "dependencies": {
        "connect-redis": "^6.0.0",
        "redis-client": "^0.3.5"
      }
    },
    "node_modules/connect-redis": {
      "version": "6.0.0",
      "resolved": "https://registry.npmjs.org/connect-redis/-/connect-redis-6.0.0.tgz",
      "integrity": "sha512-6eGEAAPHYvcfbRNCMmPzBIjrqRWLw7at9lCUH4G6NQ8gwWDJelaUmFNOqPIhehbw941euVmIuqWsaWiKXfb+5g==",
      "engines": {
        "node": ">=12"
      }
    },
    "node_modules/redis-client": {
      "version": "0.3.5",
      "resolved": "https://registry.npmjs.org/redis-client/-/redis-client-0.3.5.tgz",
      "integrity": "sha512-oAtDnuRh1gTbSMuajRwAzHhRqK9BOQBzkoJhHXY+h3QdFxtWlu/lUhkYmTdgjbWn1EaCXg1EmpU42BXIgdjdiA==",
      "os": [
        "linux",
        "darwin"
      ],
      "engines": {
        "node": ">0.1.90"
      }
    }
  }
}
